
Microsoft Visual Studio Solution File, Format Version 12.00
# Visual Studio Version 16
VisualStudioVersion = 16.0.30225.117
MinimumVisualStudioVersion = 10.0.40219.1
Project("{FAE04EC0-301F-11D3-BF4B-00C04F79EFBC}") = "Api", "Api\Api.csproj", "{09DFA119-3BC3-4A36-A56A-A26E038C1C26}"
EndProject
Global
	GlobalSection(SolutionConfigurationPlatforms) = preSolution
		Debug|Any CPU = Debug|Any CPU
		Release|Any CPU = Release|Any CPU
	EndGlobalSection
	GlobalSection(ProjectConfigurationPlatforms) = postSolution
		{09DFA119-3BC3-4A36-A56A-A26E038C1C26}.Debug|Any CPU.ActiveCfg = Debug|Any CPU
		{09DFA119-3BC3-4A36-A56A-A26E038C1C26}.Debug|Any CPU.Build.0 = Debug|Any CPU
		{09DFA119-3BC3-4A36-A56A-A26E038C1C26}.Release|Any CPU.ActiveCfg = Release|Any CPU
		{09DFA119-3BC3-4A36-A56A-A26E038C1C26}.Release|Any CPU.Build.0 = Release|Any CPU
	EndGlobalSection
	GlobalSection(SolutionProperties) = preSolution
		HideSolutionNode = FALSE
	EndGlobalSection
	GlobalSection(ExtensibilityGlobals) = postSolution
		SolutionGuid = {238587A1-65D8-4C9B-B7AD-E3ED399EB692}
	EndGlobalSection
EndGlobal
